<?xml version="1.0" encoding="utf-8"?>
<Project ToolsVersion="4.0" xmlns="http://schemas.microsoft.com/developer/msbuild/2003">
  <ItemGroup>
    <Filter Include="Source Files">
      <UniqueIdentifier>{4FC737F1-C7A5-4376-A066-2A32D752A2FF}</UniqueIdentifier>
      <Extensions>cpp;c;cc;cxx;def;odl;idl;hpj;bat;asm;asmx</Extensions>
    </Filter>
    <Filter Include="Header Files">
      <UniqueIdentifier>{93995380-89BD-4b04-88EB-625FBE52EBFB}</UniqueIdentifier>
      <Extensions>h;hh;hpp;hxx;hm;inl;inc;xsd</Extensions>
    </Filter>
    <Filter Include="Resource Files">
      <UniqueIdentifier>{67DA6AB6-F800-4c08-8B7A-83BB121AAD01}</UniqueIdentifier>
      <Extensions>rc;ico;cur;bmp;dlg;rc2;rct;bin;rgs;gif;jpg;jpeg;jpe;resx;tiff;tif;png;wav;mfcribbon-ms</Extensions>
    </Filter>
    <Filter Include="Header Files\Sensor">
      <UniqueIdentifier>{bd0bf096-f2ab-48d9-aa85-dda36117cca5}</UniqueIdentifier>
    </Filter>
    <Filter Include="Header Files\Controller">
      <UniqueIdentifier>{a902b0cc-9dcd-4cdc-bd9a-a786338e7318}</UniqueIdentifier>
    </Filter>
    <Filter Include="Header Files\JobHandler">
      <UniqueIdentifier>{264ac9bb-6386-4350-abf5-e8b631ba33a9}</UniqueIdentifier>
    </Filter>
    <Filter Include="Header Files\Data">
      <UniqueIdentifier>{cbe5e291-1826-4b62-b6b9-e4c60304b545}</UniqueIdentifier>
    </Filter>
  </ItemGroup>
  <ItemGroup>
    <ClCompile Include="src\Sensor.cpp">
      <Filter>Source Files</Filter>
    </ClCompile>
    <ClCompile Include="src\Controller.cpp">
      <Filter>Source Files</Filter>
    </ClCompile>
    <ClCompile Include="src\JobHandler.cpp">
      <Filter>Source Files</Filter>
    </ClCompile>
    <ClCompile Include="src\Job.cpp">
      <Filter>Source Files</Filter>
    </ClCompile>
    <ClCompile Include="src\UDPServerSensor.cpp">
      <Filter>Source Files</Filter>
    </ClCompile>
    <ClCompile Include="src\UDPClientController.cpp">
      <Filter>Source Files</Filter>
    </ClCompile>
    <ClCompile Include="src\ManualInputsHandler.cpp">
      <Filter>Source Files</Filter>
    </ClCompile>
    <ClCompile Include="src\ForwardHandler.cpp">
      <Filter>Source Files</Filter>
    </ClCompile>
    <ClCompile Include="src\MotorController.cpp">
      <Filter>Source Files</Filter>
    </ClCompile>
    <ClCompile Include="src\R2Server.cpp">
      <Filter>Source Files</Filter>
    </ClCompile>
    <ClCompile Include="src\UltrasoundSensor.cpp">
      <Filter>Source Files</Filter>
    </ClCompile>
    <ClCompile Include="src\DrawerSensor.cpp">
      <Filter>Source Files</Filter>
    </ClCompile>
    <ClCompile Include="src\SafetyHandler.cpp">
      <Filter>Source Files</Filter>
    </ClCompile>
    <ClCompile Include="src\FakeMotorController.cpp">
      <Filter>Source Files</Filter>
    </ClCompile>
    <ClCompile Include="src\HeadSensor.cpp">
      <Filter>Source Files</Filter>
    </ClCompile>
    <ClCompile Include="src\HeadFlapController.cpp">
      <Filter>Source Files</Filter>
    </ClCompile>
    <ClCompile Include="src\RFIDSensor.cpp">
      <Filter>Source Files</Filter>
    </ClCompile>
    <ClCompile Include="src\SoundController.cpp">
      <Filter>Source Files</Filter>
    </ClCompile>
  </ItemGroup>
  <ItemGroup>
    <ClInclude Include="include\Sensor.h">
      <Filter>Header Files</Filter>
    </ClInclude>
    <ClInclude Include="include\Controller.h">
      <Filter>Header Files</Filter>
    </ClInclude>
    <ClInclude Include="include\JobHandler.h">
      <Filter>Header Files</Filter>
    </ClInclude>
    <ClInclude Include="include\Global.h">
      <Filter>Header Files</Filter>
    </ClInclude>
    <ClInclude Include="include\Job.h">
      <Filter>Header Files</Filter>
    </ClInclude>
    <ClInclude Include="include\Controller\MotorController.h">
      <Filter>Header Files\Controller</Filter>
    </ClInclude>
    <ClInclude Include="include\Controller\UDPClientController.h">
      <Filter>Header Files\Controller</Filter>
    </ClInclude>
    <ClInclude Include="include\JobHandler\ManualInputsHandler.h">
      <Filter>Header Files\JobHandler</Filter>
    </ClInclude>
    <ClInclude Include="include\JobHandler\ForwardHandler.h">
      <Filter>Header Files\JobHandler</Filter>
    </ClInclude>
    <ClInclude Include="include\JobHandler\R2Server.h">
      <Filter>Header Files\JobHandler</Filter>
    </ClInclude>
    <ClInclude Include="include\Data\ForwardData.h">
      <Filter>Header Files\Data</Filter>
    </ClInclude>
    <ClInclude Include="include\Data\GamepadData.h">
      <Filter>Header Files\Data</Filter>
    </ClInclude>
    <ClInclude Include="include\Data\MotorData.h">
      <Filter>Header Files\Data</Filter>
    </ClInclude>
    <ClInclude Include="include\Sensor\UltrasoundSensor.h">
      <Filter>Header Files\Sensor</Filter>
    </ClInclude>
    <ClInclude Include="include\Sensor\DrawerSensor.h">
      <Filter>Header Files\Sensor</Filter>
    </ClInclude>
    <ClInclude Include="include\Data\UltrasoundData.h">
      <Filter>Header Files\Data</Filter>
    </ClInclude>
    <ClInclude Include="include\Controller\FakeMotorController.h">
      <Filter>Header Files\Controller</Filter>
    </ClInclude>
    <ClInclude Include="include\JobHandler\R2Databases.h">
      <Filter>Header Files\JobHandler</Filter>
    </ClInclude>
    <ClInclude Include="src\R2Databases.cpp">
      <Filter>Source Files</Filter>
    </ClInclude>
    <ClInclude Include="include\Data\HeadData.h">
      <Filter>Header Files\Data</Filter>
    </ClInclude>
    <ClInclude Include="include\Sensor\HeadSensor.h">
      <Filter>Header Files\Sensor</Filter>
    </ClInclude>
    <ClInclude Include="include\Controller\HeadFlapController.h">
      <Filter>Header Files\Controller</Filter>
    </ClInclude>
    <ClInclude Include="include\Sensor\RFIDSensor.h">
      <Filter>Header Files\Sensor</Filter>
    </ClInclude>
    <ClInclude Include="include\Data\RFIDData.h">
      <Filter>Header Files\Data</Filter>
    </ClInclude>
    <ClInclude Include="include\Data\DrawerData.h">
      <Filter>Header Files\Data</Filter>
    </ClInclude>
    <ClInclude Include="include\Sensor\UDPServerSensor.h">
      <Filter>Header Files\Sensor</Filter>
    </ClInclude>
    <ClInclude Include="include\Data\DrawerCommand.h">
      <Filter>Header Files\Data</Filter>
    </ClInclude>
    <ClInclude Include="include\JobHandler\SafetyHandler.h">
      <Filter>Header Files\Sensor</Filter>
    </ClInclude>
    <ClInclude Include="include\Controller\SoundController.h">
      <Filter>Header Files\Controller</Filter>
    </ClInclude>
  </ItemGroup>
  <ItemGroup>
    <None Include="templates\camera.htm">
      <Filter>Resource Files</Filter>
    </None>
    <None Include="templates\database.htm">
      <Filter>Resource Files</Filter>
    </None>
    <None Include="templates\joystick.js">
      <Filter>Resource Files</Filter>
    </None>
    <None Include="templates\main.htm">
      <Filter>Resource Files</Filter>
    </None>
    <None Include="templates\manual.htm">
      <Filter>Resource Files</Filter>
    </None>
    <None Include="templates\map.js">
      <Filter>Resource Files</Filter>
    </None>
  </ItemGroup>
  <ItemGroup>
    <Image Include="templates\ccrt-logo.png">
      <Filter>Resource Files</Filter>
    </Image>
    <Image Include="templates\favicon.ico">
      <Filter>Resource Files</Filter>
    </Image>
    <Image Include="templates\favicon-16x16.png">
      <Filter>Resource Files</Filter>
    </Image>
    <Image Include="templates\favicon-32x32.png">
      <Filter>Resource Files</Filter>
    </Image>
  </ItemGroup>
</Project>