
Microsoft Visual Studio Solution File, Format Version 12.00
# Visual Studio 14
VisualStudioVersion = 14.0.24720.0
MinimumVisualStudioVersion = 10.0.40219.1
Project("{8BC9CEB8-8B4A-11D0-8D11-00A0C91BC942}") = "R2Bot", "R2Bot.vcxproj", "{0DDE011D-E0C5-4F43-9984-4DADE90D530C}"
EndProject
Project("{8BC9CEB8-8B4A-11D0-8D11-00A0C91BC942}") = "R2Desktop", "..\R2Desktop\R2Desktop.vcxproj", "{DF574726-E2E6-41AF-AFF6-AFA8C0A5ACC3}"
EndProject
Project("{8BC9CEB8-8B4A-11D0-8D11-00A0C91BC942}") = "R2ManualControls", "..\R2ManualControls\ConsoleApplication1\ConsoleApplication1.vcxproj", "{886CD297-86D1-43BA-81B2-D61E61841309}"
EndProject
Global
	GlobalSection(SolutionConfigurationPlatforms) = preSolution
		Debug|x64 = Debug|x64
		Debug|x86 = Debug|x86
		Release|x64 = Release|x64
		Release|x86 = Release|x86
	EndGlobalSection
	GlobalSection(ProjectConfigurationPlatforms) = postSolution
		{0DDE011D-E0C5-4F43-9984-4DADE90D530C}.Debug|x64.ActiveCfg = Debug|x64
		{0DDE011D-E0C5-4F43-9984-4DADE90D530C}.Debug|x64.Build.0 = Debug|x64
		{0DDE011D-E0C5-4F43-9984-4DADE90D530C}.Debug|x86.ActiveCfg = Debug|Win32
		{0DDE011D-E0C5-4F43-9984-4DADE90D530C}.Debug|x86.Build.0 = Debug|Win32
		{0DDE011D-E0C5-4F43-9984-4DADE90D530C}.Release|x64.ActiveCfg = Release|x64
		{0DDE011D-E0C5-4F43-9984-4DADE90D530C}.Release|x64.Build.0 = Release|x64
		{0DDE011D-E0C5-4F43-9984-4DADE90D530C}.Release|x86.ActiveCfg = Release|Win32
		{0DDE011D-E0C5-4F43-9984-4DADE90D530C}.Release|x86.Build.0 = Release|Win32
		{DF574726-E2E6-41AF-AFF6-AFA8C0A5ACC3}.Debug|x64.ActiveCfg = Debug|x64
		{DF574726-E2E6-41AF-AFF6-AFA8C0A5ACC3}.Debug|x64.Build.0 = Debug|x64
		{DF574726-E2E6-41AF-AFF6-AFA8C0A5ACC3}.Debug|x86.ActiveCfg = Debug|Win32
		{DF574726-E2E6-41AF-AFF6-AFA8C0A5ACC3}.Debug|x86.Build.0 = Debug|Win32
		{DF574726-E2E6-41AF-AFF6-AFA8C0A5ACC3}.Release|x64.ActiveCfg = Release|x64
		{DF574726-E2E6-41AF-AFF6-AFA8C0A5ACC3}.Release|x64.Build.0 = Release|x64
		{DF574726-E2E6-41AF-AFF6-AFA8C0A5ACC3}.Release|x86.ActiveCfg = Release|Win32
		{DF574726-E2E6-41AF-AFF6-AFA8C0A5ACC3}.Release|x86.Build.0 = Release|Win32
		{886CD297-86D1-43BA-81B2-D61E61841309}.Debug|x64.ActiveCfg = Debug|x64
		{886CD297-86D1-43BA-81B2-D61E61841309}.Debug|x64.Build.0 = Debug|x64
		{886CD297-86D1-43BA-81B2-D61E61841309}.Debug|x86.ActiveCfg = Debug|Win32
		{886CD297-86D1-43BA-81B2-D61E61841309}.Debug|x86.Build.0 = Debug|Win32
		{886CD297-86D1-43BA-81B2-D61E61841309}.Release|x64.ActiveCfg = Release|x64
		{886CD297-86D1-43BA-81B2-D61E61841309}.Release|x64.Build.0 = Release|x64
		{886CD297-86D1-43BA-81B2-D61E61841309}.Release|x86.ActiveCfg = Release|Win32
		{886CD297-86D1-43BA-81B2-D61E61841309}.Release|x86.Build.0 = Release|Win32
	EndGlobalSection
	GlobalSection(SolutionProperties) = preSolution
		HideSolutionNode = FALSE
	EndGlobalSection
EndGlobal
