<?xml version="1.0" encoding="utf-8"?>
<Project ToolsVersion="4.0" xmlns="http://schemas.microsoft.com/developer/msbuild/2003">
  <ItemGroup>
    <Filter Include="Source Files">
      <UniqueIdentifier>{4FC737F1-C7A5-4376-A066-2A32D752A2FF}</UniqueIdentifier>
      <Extensions>cpp;c;cc;cxx;def;odl;idl;hpj;bat;asm;asmx</Extensions>
    </Filter>
    <Filter Include="Header Files">
      <UniqueIdentifier>{93995380-89BD-4b04-88EB-625FBE52EBFB}</UniqueIdentifier>
      <Extensions>h;hh;hpp;hxx;hm;inl;inc;xsd</Extensions>
    </Filter>
    <Filter Include="Resource Files">
      <UniqueIdentifier>{67DA6AB6-F800-4c08-8B7A-83BB121AAD01}</UniqueIdentifier>
      <Extensions>rc;ico;cur;bmp;dlg;rc2;rct;bin;rgs;gif;jpg;jpeg;jpe;resx;tiff;tif;png;wav;mfcribbon-ms</Extensions>
    </Filter>
    <Filter Include="Source Files\Source Files">
      <UniqueIdentifier>{689efac8-bbc0-4099-8a2b-2a3fe414d2d6}</UniqueIdentifier>
    </Filter>
  </ItemGroup>
  <ItemGroup>
    <ClCompile Include="src\R2BotNUC.cpp">
      <Filter>Source Files</Filter>
    </ClCompile>
    <ClCompile Include="..\R2Bot\src\DrawerSensor.cpp">
      <Filter>Source Files\Source Files</Filter>
    </ClCompile>
    <ClCompile Include="..\R2Bot\src\Controller.cpp">
      <Filter>Source Files\Source Files</Filter>
    </ClCompile>
    <ClCompile Include="..\R2Bot\src\FakeMotorController.cpp">
      <Filter>Source Files\Source Files</Filter>
    </ClCompile>
    <ClCompile Include="..\R2Bot\src\ForwardHandler.cpp">
      <Filter>Source Files\Source Files</Filter>
    </ClCompile>
    <ClCompile Include="..\R2Bot\src\HeadFlapController.cpp">
      <Filter>Source Files\Source Files</Filter>
    </ClCompile>
    <ClCompile Include="..\R2Bot\src\HeadSensor.cpp">
      <Filter>Source Files\Source Files</Filter>
    </ClCompile>
    <ClCompile Include="..\R2Bot\src\IMUSensor.cpp">
      <Filter>Source Files\Source Files</Filter>
    </ClCompile>
    <ClCompile Include="..\R2Bot\src\Job.cpp">
      <Filter>Source Files\Source Files</Filter>
    </ClCompile>
    <ClCompile Include="..\R2Bot\src\JobHandler.cpp">
      <Filter>Source Files\Source Files</Filter>
    </ClCompile>
    <ClCompile Include="..\R2Bot\src\LidarSensor.cpp">
      <Filter>Source Files\Source Files</Filter>
    </ClCompile>
    <ClCompile Include="..\R2Bot\src\ManualInputsHandler.cpp">
      <Filter>Source Files\Source Files</Filter>
    </ClCompile>
    <ClCompile Include="..\R2Bot\src\MotorController.cpp">
      <Filter>Source Files\Source Files</Filter>
    </ClCompile>
    <ClCompile Include="..\R2Bot\src\R2Server.cpp">
      <Filter>Source Files\Source Files</Filter>
    </ClCompile>
    <ClCompile Include="..\R2Bot\src\RFIDSensor.cpp">
      <Filter>Source Files\Source Files</Filter>
    </ClCompile>
    <ClCompile Include="..\R2Bot\src\SafetyHandler.cpp">
      <Filter>Source Files\Source Files</Filter>
    </ClCompile>
    <ClCompile Include="..\R2Bot\src\Sensor.cpp">
      <Filter>Source Files\Source Files</Filter>
    </ClCompile>
    <ClCompile Include="..\R2Bot\src\SoundController.cpp">
      <Filter>Source Files\Source Files</Filter>
    </ClCompile>
    <ClCompile Include="..\R2Bot\src\UDPClientController.cpp">
      <Filter>Source Files\Source Files</Filter>
    </ClCompile>
    <ClCompile Include="..\R2Bot\src\UDPServerSensor.cpp">
      <Filter>Source Files\Source Files</Filter>
    </ClCompile>
    <ClCompile Include="..\R2Bot\src\UltrasoundSensor.cpp">
      <Filter>Source Files\Source Files</Filter>
    </ClCompile>
    <ClCompile Include="..\R2Bot\src\PowerHandler.cpp">
      <Filter>Source Files\Source Files</Filter>
    </ClCompile>
  </ItemGroup>
  <ItemGroup>
    <ClInclude Include="include\Config.h">
      <Filter>Header Files</Filter>
    </ClInclude>
    <ClInclude Include="..\R2Bot\src\R2Databases.cpp">
      <Filter>Source Files\Source Files</Filter>
    </ClInclude>
  </ItemGroup>
</Project>